
Microsoft Visual Studio Solution File, Format Version 12.00
# Visual Studio Version 17
VisualStudioVersion = 17.3.32922.545
MinimumVisualStudioVersion = 10.0.40219.1
Project("{FAE04EC0-301F-11D3-BF4B-00C04F79EFBC}") = "VOB", "VOB.csproj", "{9B9B68AF-3EA4-459D-8E06-F2ED323C19D7}"
EndProject
Global
	GlobalSection(SolutionConfigurationPlatforms) = preSolution
		Debug|Any CPU = Debug|Any CPU
		Release|Any CPU = Release|Any CPU
	EndGlobalSection
	GlobalSection(ProjectConfigurationPlatforms) = postSolution
		{9B9B68AF-3EA4-459D-8E06-F2ED323C19D7}.Debug|Any CPU.ActiveCfg = Debug|Any CPU
		{9B9B68AF-3EA4-459D-8E06-F2ED323C19D7}.Debug|Any CPU.Build.0 = Debug|Any CPU
		{9B9B68AF-3EA4-459D-8E06-F2ED323C19D7}.Release|Any CPU.ActiveCfg = Release|Any CPU
		{9B9B68AF-3EA4-459D-8E06-F2ED323C19D7}.Release|Any CPU.Build.0 = Release|Any CPU
	EndGlobalSection
	GlobalSection(SolutionProperties) = preSolution
		HideSolutionNode = FALSE
	EndGlobalSection
	GlobalSection(ExtensibilityGlobals) = postSolution
		SolutionGuid = {C6EEF0B2-585B-4EB7-905A-2942FB13D502}
	EndGlobalSection
EndGlobal
